
Microsoft Visual Studio Solution File, Format Version 12.00
# Visual Studio Version 16
VisualStudioVersion = 16.0.30114.105
MinimumVisualStudioVersion = 10.0.40219.1
Project("{FAE04EC0-301F-11D3-BF4B-00C04F79EFBC}") = "MoodAnalyzerUC1", "MoodAnalyzerUC1\MoodAnalyzerUC1.csproj", "{BA08639A-5D19-421F-9899-D6A708C3AE6C}"
EndProject
Global
	GlobalSection(SolutionConfigurationPlatforms) = preSolution
		Debug|Any CPU = Debug|Any CPU
		Release|Any CPU = Release|Any CPU
	EndGlobalSection
	GlobalSection(ProjectConfigurationPlatforms) = postSolution
		{BA08639A-5D19-421F-9899-D6A708C3AE6C}.Debug|Any CPU.ActiveCfg = Debug|Any CPU
		{BA08639A-5D19-421F-9899-D6A708C3AE6C}.Debug|Any CPU.Build.0 = Debug|Any CPU
		{BA08639A-5D19-421F-9899-D6A708C3AE6C}.Release|Any CPU.ActiveCfg = Release|Any CPU
		{BA08639A-5D19-421F-9899-D6A708C3AE6C}.Release|Any CPU.Build.0 = Release|Any CPU
	EndGlobalSection
	GlobalSection(SolutionProperties) = preSolution
		HideSolutionNode = FALSE
	EndGlobalSection
	GlobalSection(ExtensibilityGlobals) = postSolution
		SolutionGuid = {A34CE09A-724B-4F45-AFB0-B87B5CF3E471}
	EndGlobalSection
EndGlobal
